// !$*UTF8*$!
{
	archiveVersion = 1;
	classes = {
	};
	objectVersion = 46;
	objects = {

/* Begin PBXBuildFile section */
		1B99BD1F1E7BDE4000D45FE5 /* AppDelegate.swift in Sources */ = {isa = PBXBuildFile; fileRef = 1B99BD1E1E7BDE4000D45FE5 /* AppDelegate.swift */; };
		1B99BD211E7BDE4000D45FE5 /* ViewController.swift in Sources */ = {isa = PBXBuildFile; fileRef = 1B99BD201E7BDE4000D45FE5 /* ViewController.swift */; };
		1B99BD241E7BDE4000D45FE5 /* Main.storyboard in Resources */ = {isa = PBXBuildFile; fileRef = 1B99BD221E7BDE4000D45FE5 /* Main.storyboard */; };
		1B99BD261E7BDE4000D45FE5 /* Assets.xcassets in Resources */ = {isa = PBXBuildFile; fileRef = 1B99BD251E7BDE4000D45FE5 /* Assets.xcassets */; };
		1B99BD291E7BDE4000D45FE5 /* LaunchScreen.storyboard in Resources */ = {isa = PBXBuildFile; fileRef = 1B99BD271E7BDE4000D45FE5 /* LaunchScreen.storyboard */; };
		1B99BD311E7BDE6C00D45FE5 /* VLCircularTransition.swift in Sources */ = {isa = PBXBuildFile; fileRef = 1B99BD301E7BDE6C00D45FE5 /* VLCircularTransition.swift */; };
		1B99BD341E7BEC6800D45FE5 /* ExpandedController.swift in Sources */ = {isa = PBXBuildFile; fileRef = 1B99BD331E7BEC6800D45FE5 /* ExpandedController.swift */; };
		1B99BD361E7BECE200D45FE5 /* ViewController+Extension.swift in Sources */ = {isa = PBXBuildFile; fileRef = 1B99BD351E7BECE200D45FE5 /* ViewController+Extension.swift */; };
/* End PBXBuildFile section */

/* Begin PBXFileReference section */
		1B99BD1B1E7BDE4000D45FE5 /* VLCircularTransition.app */ = {isa = PBXFileReference; explicitFileType = wrapper.application; includeInIndex = 0; path = VLCircularTransition.app; sourceTree = BUILT_PRODUCTS_DIR; };
		1B99BD1E1E7BDE4000D45FE5 /* AppDelegate.swift */ = {isa = PBXFileReference; lastKnownFileType = sourcecode.swift; path = AppDelegate.swift; sourceTree = "<group>"; };
		1B99BD201E7BDE4000D45FE5 /* ViewController.swift */ = {isa = PBXFileReference; lastKnownFileType = sourcecode.swift; path = ViewController.swift; sourceTree = "<group>"; };
		1B99BD231E7BDE4000D45FE5 /* Base */ = {isa = PBXFileReference; lastKnownFileType = file.storyboard; name = Base; path = Base.lproj/Main.storyboard; sourceTree = "<group>"; };
		1B99BD251E7BDE4000D45FE5 /* Assets.xcassets */ = {isa = PBXFileReference; lastKnownFileType = folder.assetcatalog; path = Assets.xcassets; sourceTree = "<group>"; };
		1B99BD281E7BDE4000D45FE5 /* Base */ = {isa = PBXFileReference; lastKnownFileType = file.storyboard; name = Base; path = Base.lproj/LaunchScreen.storyboard; sourceTree = "<group>"; };
		1B99BD2A1E7BDE4000D45FE5 /* Info.plist */ = {isa = PBXFileReference; lastKnownFileType = text.plist.xml; path = Info.plist; sourceTree = "<group>"; };
		1B99BD301E7BDE6C00D45FE5 /* VLCircularTransition.swift */ = {isa = PBXFileReference; fileEncoding = 4; lastKnownFileType = sourcecode.swift; path = VLCircularTransition.swift; sourceTree = "<group>"; };
		1B99BD331E7BEC6800D45FE5 /* ExpandedController.swift */ = {isa = PBXFileReference; fileEncoding = 4; lastKnownFileType = sourcecode.swift; path = ExpandedController.swift; sourceTree = "<group>"; };
		1B99BD351E7BECE200D45FE5 /* ViewController+Extension.swift */ = {isa = PBXFileReference; fileEncoding = 4; lastKnownFileType = sourcecode.swift; path = "ViewController+Extension.swift"; sourceTree = "<group>"; };
/* End PBXFileReference section */

/* Begin PBXFrameworksBuildPhase section */
		1B99BD181E7BDE4000D45FE5 /* Frameworks */ = {
			isa = PBXFrameworksBuildPhase;
			buildActionMask = 2147483647;
			files = (
			);
			runOnlyForDeploymentPostprocessing = 0;
		};
/* End PBXFrameworksBuildPhase section */

/* Begin PBXGroup section */
		1B99BD121E7BDE4000D45FE5 = {
			isa = PBXGroup;
			children = (
				1B99BD1D1E7BDE4000D45FE5 /* VLCircularTransition */,
				1B99BD1C1E7BDE4000D45FE5 /* Products */,
			);
			sourceTree = "<group>";
		};
		1B99BD1C1E7BDE4000D45FE5 /* Products */ = {
			isa = PBXGroup;
			children = (
				1B99BD1B1E7BDE4000D45FE5 /* VLCircularTransition.app */,
			);
			name = Products;
			sourceTree = "<group>";
		};
		1B99BD1D1E7BDE4000D45FE5 /* VLCircularTransition */ = {
			isa = PBXGroup;
			children = (
				1B99BD401E7BFE9400D45FE5 /* Storyboard */,
				1B99BD321E7BDE7000D45FE5 /* VLCircularTransition */,
				1B99BD3A1E7BFE5300D45FE5 /* MVC */,
				1B99BD1E1E7BDE4000D45FE5 /* AppDelegate.swift */,
				1B99BD2A1E7BDE4000D45FE5 /* Info.plist */,
			);
			path = VLCircularTransition;
			sourceTree = "<group>";
		};
		1B99BD321E7BDE7000D45FE5 /* VLCircularTransition */ = {
			isa = PBXGroup;
			children = (
				1B99BD301E7BDE6C00D45FE5 /* VLCircularTransition.swift */,
			);
			name = VLCircularTransition;
			sourceTree = "<group>";
		};
		1B99BD3A1E7BFE5300D45FE5 /* MVC */ = {
			isa = PBXGroup;
			children = (
				1B99BD3D1E7BFE6400D45FE5 /* Controller */,
				1B99BD3C1E7BFE6000D45FE5 /* View */,
				1B99BD3B1E7BFE5800D45FE5 /* Model */,
			);
			name = MVC;
			sourceTree = "<group>";
		};
		1B99BD3B1E7BFE5800D45FE5 /* Model */ = {
			isa = PBXGroup;
			children = (
			);
			name = Model;
			sourceTree = "<group>";
		};
		1B99BD3C1E7BFE6000D45FE5 /* View */ = {
			isa = PBXGroup;
			children = (
			);
			name = View;
			sourceTree = "<group>";
		};
		1B99BD3D1E7BFE6400D45FE5 /* Controller */ = {
			isa = PBXGroup;
			children = (
				1B99BD3F1E7BFE6D00D45FE5 /* Expanded */,
				1B99BD3E1E7BFE6800D45FE5 /* Home */,
			);
			name = Controller;
			sourceTree = "<group>";
		};
		1B99BD3E1E7BFE6800D45FE5 /* Home */ = {
			isa = PBXGroup;
			children = (
				1B99BD201E7BDE4000D45FE5 /* ViewController.swift */,
				1B99BD351E7BECE200D45FE5 /* ViewController+Extension.swift */,
			);
			name = Home;
			sourceTree = "<group>";
		};
		1B99BD3F1E7BFE6D00D45FE5 /* Expanded */ = {
			isa = PBXGroup;
			children = (
				1B99BD331E7BEC6800D45FE5 /* ExpandedController.swift */,
			);
			name = Expanded;
			sourceTree = "<group>";
		};
		1B99BD401E7BFE9400D45FE5 /* Storyboard */ = {
			isa = PBXGroup;
			children = (
				1B99BD271E7BDE4000D45FE5 /* LaunchScreen.storyboard */,
				1B99BD221E7BDE4000D45FE5 /* Main.storyboard */,
				1B99BD251E7BDE4000D45FE5 /* Assets.xcassets */,
			);
			name = Storyboard;
			sourceTree = "<group>";
		};
/* End PBXGroup section */

/* Begin PBXNativeTarget section */
		1B99BD1A1E7BDE4000D45FE5 /* VLCircularTransition */ = {
			isa = PBXNativeTarget;
			buildConfigurationList = 1B99BD2D1E7BDE4000D45FE5 /* Build configuration list for PBXNativeTarget "VLCircularTransition" */;
			buildPhases = (
				1B99BD171E7BDE4000D45FE5 /* Sources */,
				1B99BD181E7BDE4000D45FE5 /* Frameworks */,
				1B99BD191E7BDE4000D45FE5 /* Resources */,
			);
			buildRules = (
			);
			dependencies = (
			);
			name = VLCircularTransition;
			productName = VLCircularTransition;
			productReference = 1B99BD1B1E7BDE4000D45FE5 /* VLCircularTransition.app */;
			productType = "com.apple.product-type.application";
		};
/* End PBXNativeTarget section */

/* Begin PBXProject section */
		1B99BD131E7BDE4000D45FE5 /* Project object */ = {
			isa = PBXProject;
			attributes = {
				LastSwiftUpdateCheck = 0820;
				LastUpgradeCheck = 0820;
				ORGANIZATIONNAME = Vignesh;
				TargetAttributes = {
					1B99BD1A1E7BDE4000D45FE5 = {
						CreatedOnToolsVersion = 8.2.1;
						DevelopmentTeam = EA88Y3R72N;
						ProvisioningStyle = Automatic;
					};
				};
			};
			buildConfigurationList = 1B99BD161E7BDE4000D45FE5 /* Build configuration list for PBXProject "VLCircularTransition" */;
			compatibilityVersion = "Xcode 3.2";
			developmentRegion = English;
			hasScannedForEncodings = 0;
			knownRegions = (
				en,
				Base,
			);
			mainGroup = 1B99BD121E7BDE4000D45FE5;
			productRefGroup = 1B99BD1C1E7BDE4000D45FE5 /* Products */;
			projectDirPath = "";
			projectRoot = "";
			targets = (
				1B99BD1A1E7BDE4000D45FE5 /* VLCircularTransition */,
			);
		};
/* End PBXProject section */

/* Begin PBXResourcesBuildPhase section */
		1B99BD191E7BDE4000D45FE5 /* Resources */ = {
			isa = PBXResourcesBuildPhase;
			buildActionMask = 2147483647;
			files = (
				1B99BD291E7BDE4000D45FE5 /* LaunchScreen.storyboard in Resources */,
				1B99BD261E7BDE4000D45FE5 /* Assets.xcassets in Resources */,
				1B99BD241E7BDE4000D45FE5 /* Main.storyboard in Resources */,
			);
			runOnlyForDeploymentPostprocessing = 0;
		};
/* End PBXResourcesBuildPhase section */

/* Begin PBXSourcesBuildPhase section */
		1B99BD171E7BDE4000D45FE5 /* Sources */ = {
			isa = PBXSourcesBuildPhase;
			buildActionMask = 2147483647;
			files = (
				1B99BD341E7BEC6800D45FE5 /* ExpandedController.swift in Sources */,
				1B99BD211E7BDE4000D45FE5 /* ViewController.swift in Sources */,
				1B99BD1F1E7BDE4000D45FE5 /* AppDelegate.swift in Sources */,
				1B99BD361E7BECE200D45FE5 /* ViewController+Extension.swift in Sources */,
				1B99BD311E7BDE6C00D45FE5 /* VLCircularTransition.swift in Sources */,
			);
			runOnlyForDeploymentPostprocessing = 0;
		};
/* End PBXSourcesBuildPhase section */

/* Begin PBXVariantGroup section */
		1B99BD221E7BDE4000D45FE5 /* Main.storyboard */ = {
			isa = PBXVariantGroup;
			children = (
				1B99BD231E7BDE4000D45FE5 /* Base */,
			);
			name = Main.storyboard;
			sourceTree = "<group>";
		};
		1B99BD271E7BDE4000D45FE5 /* LaunchScreen.storyboard */ = {
			isa = PBXVariantGroup;
			children = (
				1B99BD281E7BDE4000D45FE5 /* Base */,
			);
			name = LaunchScreen.storyboard;
			sourceTree = "<group>";
		};
/* End PBXVariantGroup section */

/* Begin XCBuildConfiguration section */
		1B99BD2B1E7BDE4000D45FE5 /* Debug */ = {
			isa = XCBuildConfiguration;
			buildSettings = {
				ALWAYS_SEARCH_USER_PATHS = NO;
				CLANG_ANALYZER_NONNULL = YES;
				CLANG_CXX_LANGUAGE_STANDARD = "gnu++0x";
				CLANG_CXX_LIBRARY = "libc++";
				CLANG_ENABLE_MODULES = YES;
				CLANG_ENABLE_OBJC_ARC = YES;
				CLANG_WARN_BOOL_CONVERSION = YES;
				CLANG_WARN_CONSTANT_CONVERSION = YES;
				CLANG_WARN_DIRECT_OBJC_ISA_USAGE = YES_ERROR;
				CLANG_WARN_DOCUMENTATION_COMMENTS = YES;
				CLANG_WARN_EMPTY_BODY = YES;
				CLANG_WARN_ENUM_CONVERSION = YES;
				CLANG_WARN_INFINITE_RECURSION = YES;
				CLANG_WARN_INT_CONVERSION = YES;
				CLANG_WARN_OBJC_ROOT_CLASS = YES_ERROR;
				CLANG_WARN_SUSPICIOUS_MOVE = YES;
				CLANG_WARN_UNREACHABLE_CODE = YES;
				CLANG_WARN__DUPLICATE_METHOD_MATCH = YES;
				"CODE_SIGN_IDENTITY[sdk=iphoneos*]" = "iPhone Developer";
				COPY_PHASE_STRIP = NO;
				DEBUG_INFORMATION_FORMAT = dwarf;
				ENABLE_STRICT_OBJC_MSGSEND = YES;
				ENABLE_TESTABILITY = YES;
				GCC_C_LANGUAGE_STANDARD = gnu99;
				GCC_DYNAMIC_NO_PIC = NO;
				GCC_NO_COMMON_BLOCKS = YES;
				GCC_OPTIMIZATION_LEVEL = 0;
				GCC_PREPROCESSOR_DEFINITIONS = (
					"DEBUG=1",
					"$(inherited)",
				);
				GCC_WARN_64_TO_32_BIT_CONVERSION = YES;
				GCC_WARN_ABOUT_RETURN_TYPE = YES_ERROR;
				GCC_WARN_UNDECLARED_SELECTOR = YES;
				GCC_WARN_UNINITIALIZED_AUTOS = YES_AGGRESSIVE;
				GCC_WARN_UNUSED_FUNCTION = YES;
				GCC_WARN_UNUSED_VARIABLE = YES;
				IPHONEOS_DEPLOYMENT_TARGET = 10.2;
				MTL_ENABLE_DEBUG_INFO = YES;
				ONLY_ACTIVE_ARCH = YES;
				SDKROOT = iphoneos;
				SWIFT_ACTIVE_COMPILATION_CONDITIONS = DEBUG;
				SWIFT_OPTIMIZATION_LEVEL = "-Onone";
				TARGETED_DEVICE_FAMILY = "1,2";
			};
			name = Debug;
		};
		1B99BD2C1E7BDE4000D45FE5 /* Release */ = {
			isa = XCBuildConfiguration;
			buildSettings = {
				ALWAYS_SEARCH_USER_PATHS = NO;
				CLANG_ANALYZER_NONNULL = YES;
				CLANG_CXX_LANGUAGE_STANDARD = "gnu++0x";
				CLANG_CXX_LIBRARY = "libc++";
				CLANG_ENABLE_MODULES = YES;
				CLANG_ENABLE_OBJC_ARC = YES;
				CLANG_WARN_BOOL_CONVERSION = YES;
				CLANG_WARN_CONSTANT_CONVERSION = YES;
				CLANG_WARN_DIRECT_OBJC_ISA_USAGE = YES_ERROR;
				CLANG_WARN_DOCUMENTATION_COMMENTS = YES;
				CLANG_WARN_EMPTY_BODY = YES;
				CLANG_WARN_ENUM_CONVERSION = YES;
				CLANG_WARN_INFINITE_RECURSION = YES;
				CLANG_WARN_INT_CONVERSION = YES;
				CLANG_WARN_OBJC_ROOT_CLASS = YES_ERROR;
				CLANG_WARN_SUSPICIOUS_MOVE = YES;
				CLANG_WARN_UNREACHABLE_CODE = YES;
				CLANG_WARN__DUPLICATE_METHOD_MATCH = YES;
				"CODE_SIGN_IDENTITY[sdk=iphoneos*]" = "iPhone Developer";
				COPY_PHASE_STRIP = NO;
				DEBUG_INFORMATION_FORMAT = "dwarf-with-dsym";
				ENABLE_NS_ASSERTIONS = NO;
				ENABLE_STRICT_OBJC_MSGSEND = YES;
				GCC_C_LANGUAGE_STANDARD = gnu99;
				GCC_NO_COMMON_BLOCKS = YES;
				GCC_WARN_64_TO_32_BIT_CONVERSION = YES;
				GCC_WARN_ABOUT_RETURN_TYPE = YES_ERROR;
				GCC_WARN_UNDECLARED_SELECTOR = YES;
				GCC_WARN_UNINITIALIZED_AUTOS = YES_AGGRESSIVE;
				GCC_WARN_UNUSED_FUNCTION = YES;
				GCC_WARN_UNUSED_VARIABLE = YES;
				IPHONEOS_DEPLOYMENT_TARGET = 10.2;
				MTL_ENABLE_DEBUG_INFO = NO;
				SDKROOT = iphoneos;
				SWIFT_OPTIMIZATION_LEVEL = "-Owholemodule";
				TARGETED_DEVICE_FAMILY = "1,2";
				VALIDATE_PRODUCT = YES;
			};
			name = Release;
		};
		1B99BD2E1E7BDE4000D45FE5 /* Debug */ = {
			isa = XCBuildConfiguration;
			buildSettings = {
				ASSETCATALOG_COMPILER_APPICON_NAME = AppIcon;
				DEVELOPMENT_TEAM = EA88Y3R72N;
				INFOPLIST_FILE = VLCircularTransition/Info.plist;
				LD_RUNPATH_SEARCH_PATHS = "$(inherited) @executable_path/Frameworks";
				PRODUCT_BUNDLE_IDENTIFIER = com.ts.circulartransition;
				PRODUCT_NAME = "$(TARGET_NAME)";
				SWIFT_VERSION = 3.0;
			};
			name = Debug;
		};
		1B99BD2F1E7BDE4000D45FE5 /* Release */ = {
			isa = XCBuildConfiguration;
			buildSettings = {
				ASSETCATALOG_COMPILER_APPICON_NAME = AppIcon;
				DEVELOPMENT_TEAM = EA88Y3R72N;
				INFOPLIST_FILE = VLCircularTransition/Info.plist;
				LD_RUNPATH_SEARCH_PATHS = "$(inherited) @executable_path/Frameworks";
				PRODUCT_BUNDLE_IDENTIFIER = com.ts.circulartransition;
				PRODUCT_NAME = "$(TARGET_NAME)";
				SWIFT_VERSION = 3.0;
			};
			name = Release;
		};
/* End XCBuildConfiguration section */

/* Begin XCConfigurationList section */
		1B99BD161E7BDE4000D45FE5 /* Build configuration list for PBXProject "VLCircularTransition" */ = {
			isa = XCConfigurationList;
			buildConfigurations = (
				1B99BD2B1E7BDE4000D45FE5 /* Debug */,
				1B99BD2C1E7BDE4000D45FE5 /* Release */,
			);
			defaultConfigurationIsVisible = 0;
			defaultConfigurationName = Release;
		};
		1B99BD2D1E7BDE4000D45FE5 /* Build configuration list for PBXNativeTarget "VLCircularTransition" */ = {
			isa = XCConfigurationList;
			buildConfigurations = (
				1B99BD2E1E7BDE4000D45FE5 /* Debug */,
				1B99BD2F1E7BDE4000D45FE5 /* Release */,
			);
			defaultConfigurationIsVisible = 0;
		};
/* End XCConfigurationList section */
	};
	rootObject = 1B99BD131E7BDE4000D45FE5 /* Project object */;
}
